// !$*UTF8*$!
{
	archiveVersion = 1;
	classes = {
	};
	objectVersion = 50;
	objects = {

/* Begin PBXBuildFile section */
		353A593905D3B29F1EB4300E /* Pods_VeryAnnoyingTodoListTests.framework in Frameworks */ = {isa = PBXBuildFile; fileRef = DFA9EF713DCAE382C35E4540 /* Pods_VeryAnnoyingTodoListTests.framework */; };
		4B0D4C10223ACD580074F50B /* AppDelegate.swift in Sources */ = {isa = PBXBuildFile; fileRef = 4B0D4C0F223ACD580074F50B /* AppDelegate.swift */; };
		4B0D4C15223ACD580074F50B /* Main.storyboard in Resources */ = {isa = PBXBuildFile; fileRef = 4B0D4C13223ACD580074F50B /* Main.storyboard */; };
		4B0D4C17223ACD5B0074F50B /* Assets.xcassets in Resources */ = {isa = PBXBuildFile; fileRef = 4B0D4C16223ACD5B0074F50B /* Assets.xcassets */; };
		4B0D4C1A223ACD5B0074F50B /* LaunchScreen.storyboard in Resources */ = {isa = PBXBuildFile; fileRef = 4B0D4C18223ACD5B0074F50B /* LaunchScreen.storyboard */; };
		4B0D4C25223ACD5B0074F50B /* VeryAnnoyingTodoListTests.swift in Sources */ = {isa = PBXBuildFile; fileRef = 4B0D4C24223ACD5B0074F50B /* VeryAnnoyingTodoListTests.swift */; };
		4B0D4C30223ACD5B0074F50B /* VeryAnnoyingTodoListUITests.swift in Sources */ = {isa = PBXBuildFile; fileRef = 4B0D4C2F223ACD5B0074F50B /* VeryAnnoyingTodoListUITests.swift */; };
		4B0D4C3F223B13C30074F50B /* TodoListViewController.swift in Sources */ = {isa = PBXBuildFile; fileRef = 4B0D4C3E223B13C30074F50B /* TodoListViewController.swift */; };
		4B0D4C41223B14080074F50B /* EditPageViewController.swift in Sources */ = {isa = PBXBuildFile; fileRef = 4B0D4C40223B14080074F50B /* EditPageViewController.swift */; };
		4B0D4C43223B144D0074F50B /* SettingsViewController.swift in Sources */ = {isa = PBXBuildFile; fileRef = 4B0D4C42223B144D0074F50B /* SettingsViewController.swift */; };
		4B0D4C4A223B2CA50074F50B /* NotificationCenter.framework in Frameworks */ = {isa = PBXBuildFile; fileRef = 4B0D4C49223B2CA50074F50B /* NotificationCenter.framework */; };
		4B0D4C4D223B2CA50074F50B /* TodayViewController.swift in Sources */ = {isa = PBXBuildFile; fileRef = 4B0D4C4C223B2CA50074F50B /* TodayViewController.swift */; };
		4B0D4C50223B2CA50074F50B /* MainInterface.storyboard in Resources */ = {isa = PBXBuildFile; fileRef = 4B0D4C4E223B2CA50074F50B /* MainInterface.storyboard */; };
		4B0D4C54223B2CA50074F50B /* VeryAnnoyingTodoListWidget.appex in Embed App Extensions */ = {isa = PBXBuildFile; fileRef = 4B0D4C48223B2CA50074F50B /* VeryAnnoyingTodoListWidget.appex */; settings = {ATTRIBUTES = (RemoveHeadersOnCopy, ); }; };
		4B8FF91B226E3C3000B51C12 /* NotificationScheduleViewController.swift in Sources */ = {isa = PBXBuildFile; fileRef = 4B8FF91A226E3C3000B51C12 /* NotificationScheduleViewController.swift */; };
		4B8FF91F226E41BB00B51C12 /* AddNotificationViewController.swift in Sources */ = {isa = PBXBuildFile; fileRef = 4B8FF91E226E41BB00B51C12 /* AddNotificationViewController.swift */; };
		4B8FF921226EBE9000B51C12 /* ScheduleTableViewCell.swift in Sources */ = {isa = PBXBuildFile; fileRef = 4B8FF920226EBE9000B51C12 /* ScheduleTableViewCell.swift */; };
		4B8FF924226ED2A800B51C12 /* NotificationSchedule.swift in Sources */ = {isa = PBXBuildFile; fileRef = 4B8FF923226ED2A800B51C12 /* NotificationSchedule.swift */; };
		4B8FF926226EE2C200B51C12 /* NotificationController.swift in Sources */ = {isa = PBXBuildFile; fileRef = 4B8FF925226EE2C200B51C12 /* NotificationController.swift */; };
		4B8FF928226EE45600B51C12 /* DateHelper.swift in Sources */ = {isa = PBXBuildFile; fileRef = 4B8FF927226EE45600B51C12 /* DateHelper.swift */; };
		4BE1489C223C45D800A1E60A /* TodoItem.xcdatamodeld in Sources */ = {isa = PBXBuildFile; fileRef = 4BE1489A223C45D800A1E60A /* TodoItem.xcdatamodeld */; };
		4BE1489F223C58D900A1E60A /* GUIHelper.swift in Sources */ = {isa = PBXBuildFile; fileRef = 4BE1489E223C58D900A1E60A /* GUIHelper.swift */; };
		4BE148A2223C5EF900A1E60A /* NotificationCode.swift in Sources */ = {isa = PBXBuildFile; fileRef = 4BE148A1223C5EF900A1E60A /* NotificationCode.swift */; };
		4BE148A4223C90FF00A1E60A /* UserNotifications.framework in Frameworks */ = {isa = PBXBuildFile; fileRef = 4BE148A3223C90FF00A1E60A /* UserNotifications.framework */; };
		4BE148A5223C912A00A1E60A /* UserNotifications.framework in Frameworks */ = {isa = PBXBuildFile; fileRef = 4BE148A3223C90FF00A1E60A /* UserNotifications.framework */; };
		4BE148A6223C914500A1E60A /* NotificationCenter.framework in Frameworks */ = {isa = PBXBuildFile; fileRef = 4B0D4C49223B2CA50074F50B /* NotificationCenter.framework */; };
		4BE148A8223C9FE300A1E60A /* Settings.swift in Sources */ = {isa = PBXBuildFile; fileRef = 4BE148A7223C9FE300A1E60A /* Settings.swift */; };
		4BE148A9223CBBEA00A1E60A /* TodoItem.xcdatamodeld in Sources */ = {isa = PBXBuildFile; fileRef = 4BE1489A223C45D800A1E60A /* TodoItem.xcdatamodeld */; };
		4BE148AB223CDAD200A1E60A /* CoreDataStack.swift in Sources */ = {isa = PBXBuildFile; fileRef = 4BE148AA223CDAD200A1E60A /* CoreDataStack.swift */; };
		4BE148AC223CDAD200A1E60A /* CoreDataStack.swift in Sources */ = {isa = PBXBuildFile; fileRef = 4BE148AA223CDAD200A1E60A /* CoreDataStack.swift */; };
		4BE47F6D22721DF40061DE71 /* SubscribableValue.swift in Sources */ = {isa = PBXBuildFile; fileRef = 4BE47F6A22721DF40061DE71 /* SubscribableValue.swift */; };
		4BE47F6F22721DF40061DE71 /* Weak.swift in Sources */ = {isa = PBXBuildFile; fileRef = 4BE47F6C22721DF40061DE71 /* Weak.swift */; };
		4BE47F7322721E340061DE71 /* Theming.swift in Sources */ = {isa = PBXBuildFile; fileRef = 4BE47F7022721E330061DE71 /* Theming.swift */; };
		4BE47F7422721E340061DE71 /* AppTheme.swift in Sources */ = {isa = PBXBuildFile; fileRef = 4BE47F7122721E330061DE71 /* AppTheme.swift */; };
		4BE47F7522721E340061DE71 /* AppThemeProvider.swift in Sources */ = {isa = PBXBuildFile; fileRef = 4BE47F7222721E340061DE71 /* AppThemeProvider.swift */; };
		4BE47F7722722FDF0061DE71 /* AppTabBarController.swift in Sources */ = {isa = PBXBuildFile; fileRef = 4BE47F7622722FDF0061DE71 /* AppTabBarController.swift */; };
		4BE47F79227230AF0061DE71 /* AppNavigationController.swift in Sources */ = {isa = PBXBuildFile; fileRef = 4BE47F78227230AF0061DE71 /* AppNavigationController.swift */; };
		665F3ED37AEC45DF802DA900 /* Pods_VeryAnnoyingTodoList.framework in Frameworks */ = {isa = PBXBuildFile; fileRef = D95E7BC2E48DA5C8C6729CA1 /* Pods_VeryAnnoyingTodoList.framework */; };
		6DF6837A80AD2AE3638FDCCB /* Pods_VeryAnnoyingTodoListUITests.framework in Frameworks */ = {isa = PBXBuildFile; fileRef = D03934AEF39D6693CB82002D /* Pods_VeryAnnoyingTodoListUITests.framework */; };
/* End PBXBuildFile section */

/* Begin PBXContainerItemProxy section */
		4B0D4C21223ACD5B0074F50B /* PBXContainerItemProxy */ = {
			isa = PBXContainerItemProxy;
			containerPortal = 4B0D4C04223ACD580074F50B /* Project object */;
			proxyType = 1;
			remoteGlobalIDString = 4B0D4C0B223ACD580074F50B;
			remoteInfo = VeryAnnoyingTodoList;
		};
		4B0D4C2C223ACD5B0074F50B /* PBXContainerItemProxy */ = {
			isa = PBXContainerItemProxy;
			containerPortal = 4B0D4C04223ACD580074F50B /* Project object */;
			proxyType = 1;
			remoteGlobalIDString = 4B0D4C0B223ACD580074F50B;
			remoteInfo = VeryAnnoyingTodoList;
		};
		4B0D4C52223B2CA50074F50B /* PBXContainerItemProxy */ = {
			isa = PBXContainerItemProxy;
			containerPortal = 4B0D4C04223ACD580074F50B /* Project object */;
			proxyType = 1;
			remoteGlobalIDString = 4B0D4C47223B2CA50074F50B;
			remoteInfo = VeryAnnoyingTodoListWidget;
		};
/* End PBXContainerItemProxy section */

/* Begin PBXCopyFilesBuildPhase section */
		4B0D4C58223B2CA50074F50B /* Embed App Extensions */ = {
			isa = PBXCopyFilesBuildPhase;
			buildActionMask = 2147483647;
			dstPath = "";
			dstSubfolderSpec = 13;
			files = (
				4B0D4C54223B2CA50074F50B /* VeryAnnoyingTodoListWidget.appex in Embed App Extensions */,
			);
			name = "Embed App Extensions";
			runOnlyForDeploymentPostprocessing = 0;
		};
/* End PBXCopyFilesBuildPhase section */

/* Begin PBXFileReference section */
		2B26D9A6F3F656483785C3E9 /* Pods-VeryAnnoyingTodoListUITests.release.xcconfig */ = {isa = PBXFileReference; includeInIndex = 1; lastKnownFileType = text.xcconfig; name = "Pods-VeryAnnoyingTodoListUITests.release.xcconfig"; path = "Pods/Target Support Files/Pods-VeryAnnoyingTodoListUITests/Pods-VeryAnnoyingTodoListUITests.release.xcconfig"; sourceTree = "<group>"; };
		47E4CA43EB2378AEF5BE9C3C /* Pods-VeryAnnoyingTodoListUITests.debug.xcconfig */ = {isa = PBXFileReference; includeInIndex = 1; lastKnownFileType = text.xcconfig; name = "Pods-VeryAnnoyingTodoListUITests.debug.xcconfig"; path = "Pods/Target Support Files/Pods-VeryAnnoyingTodoListUITests/Pods-VeryAnnoyingTodoListUITests.debug.xcconfig"; sourceTree = "<group>"; };
		4B0D4C0C223ACD580074F50B /* VeryAnnoyingTodoList.app */ = {isa = PBXFileReference; explicitFileType = wrapper.application; includeInIndex = 0; path = VeryAnnoyingTodoList.app; sourceTree = BUILT_PRODUCTS_DIR; };
		4B0D4C0F223ACD580074F50B /* AppDelegate.swift */ = {isa = PBXFileReference; lastKnownFileType = sourcecode.swift; path = AppDelegate.swift; sourceTree = "<group>"; };
		4B0D4C14223ACD580074F50B /* Base */ = {isa = PBXFileReference; lastKnownFileType = file.storyboard; name = Base; path = Base.lproj/Main.storyboard; sourceTree = "<group>"; };
		4B0D4C16223ACD5B0074F50B /* Assets.xcassets */ = {isa = PBXFileReference; lastKnownFileType = folder.assetcatalog; path = Assets.xcassets; sourceTree = "<group>"; };
		4B0D4C19223ACD5B0074F50B /* Base */ = {isa = PBXFileReference; lastKnownFileType = file.storyboard; name = Base; path = Base.lproj/LaunchScreen.storyboard; sourceTree = "<group>"; };
		4B0D4C1B223ACD5B0074F50B /* Info.plist */ = {isa = PBXFileReference; lastKnownFileType = text.plist.xml; path = Info.plist; sourceTree = "<group>"; };
		4B0D4C20223ACD5B0074F50B /* VeryAnnoyingTodoListTests.xctest */ = {isa = PBXFileReference; explicitFileType = wrapper.cfbundle; includeInIndex = 0; path = VeryAnnoyingTodoListTests.xctest; sourceTree = BUILT_PRODUCTS_DIR; };
		4B0D4C24223ACD5B0074F50B /* VeryAnnoyingTodoListTests.swift */ = {isa = PBXFileReference; lastKnownFileType = sourcecode.swift; path = VeryAnnoyingTodoListTests.swift; sourceTree = "<group>"; };
		4B0D4C26223ACD5B0074F50B /* Info.plist */ = {isa = PBXFileReference; lastKnownFileType = text.plist.xml; path = Info.plist; sourceTree = "<group>"; };
		4B0D4C2B223ACD5B0074F50B /* VeryAnnoyingTodoListUITests.xctest */ = {isa = PBXFileReference; explicitFileType = wrapper.cfbundle; includeInIndex = 0; path = VeryAnnoyingTodoListUITests.xctest; sourceTree = BUILT_PRODUCTS_DIR; };
		4B0D4C2F223ACD5B0074F50B /* VeryAnnoyingTodoListUITests.swift */ = {isa = PBXFileReference; lastKnownFileType = sourcecode.swift; path = VeryAnnoyingTodoListUITests.swift; sourceTree = "<group>"; };
		4B0D4C31223ACD5C0074F50B /* Info.plist */ = {isa = PBXFileReference; lastKnownFileType = text.plist.xml; path = Info.plist; sourceTree = "<group>"; };
		4B0D4C3E223B13C30074F50B /* TodoListViewController.swift */ = {isa = PBXFileReference; lastKnownFileType = sourcecode.swift; path = TodoListViewController.swift; sourceTree = "<group>"; };
		4B0D4C40223B14080074F50B /* EditPageViewController.swift */ = {isa = PBXFileReference; lastKnownFileType = sourcecode.swift; path = EditPageViewController.swift; sourceTree = "<group>"; };
		4B0D4C42223B144D0074F50B /* SettingsViewController.swift */ = {isa = PBXFileReference; lastKnownFileType = sourcecode.swift; path = SettingsViewController.swift; sourceTree = "<group>"; };
		4B0D4C48223B2CA50074F50B /* VeryAnnoyingTodoListWidget.appex */ = {isa = PBXFileReference; explicitFileType = "wrapper.app-extension"; includeInIndex = 0; path = VeryAnnoyingTodoListWidget.appex; sourceTree = BUILT_PRODUCTS_DIR; };
		4B0D4C49223B2CA50074F50B /* NotificationCenter.framework */ = {isa = PBXFileReference; lastKnownFileType = wrapper.framework; name = NotificationCenter.framework; path = System/Library/Frameworks/NotificationCenter.framework; sourceTree = SDKROOT; };
		4B0D4C4C223B2CA50074F50B /* TodayViewController.swift */ = {isa = PBXFileReference; lastKnownFileType = sourcecode.swift; path = TodayViewController.swift; sourceTree = "<group>"; };
		4B0D4C4F223B2CA50074F50B /* Base */ = {isa = PBXFileReference; lastKnownFileType = file.storyboard; name = Base; path = Base.lproj/MainInterface.storyboard; sourceTree = "<group>"; };
		4B0D4C51223B2CA50074F50B /* Info.plist */ = {isa = PBXFileReference; lastKnownFileType = text.plist.xml; path = Info.plist; sourceTree = "<group>"; };
		4B8FF91A226E3C3000B51C12 /* NotificationScheduleViewController.swift */ = {isa = PBXFileReference; lastKnownFileType = sourcecode.swift; path = NotificationScheduleViewController.swift; sourceTree = "<group>"; };
		4B8FF91E226E41BB00B51C12 /* AddNotificationViewController.swift */ = {isa = PBXFileReference; lastKnownFileType = sourcecode.swift; path = AddNotificationViewController.swift; sourceTree = "<group>"; };
		4B8FF920226EBE9000B51C12 /* ScheduleTableViewCell.swift */ = {isa = PBXFileReference; lastKnownFileType = sourcecode.swift; path = ScheduleTableViewCell.swift; sourceTree = "<group>"; };
		4B8FF923226ED2A800B51C12 /* NotificationSchedule.swift */ = {isa = PBXFileReference; lastKnownFileType = sourcecode.swift; path = NotificationSchedule.swift; sourceTree = "<group>"; };
		4B8FF925226EE2C200B51C12 /* NotificationController.swift */ = {isa = PBXFileReference; lastKnownFileType = sourcecode.swift; path = NotificationController.swift; sourceTree = "<group>"; };
		4B8FF927226EE45600B51C12 /* DateHelper.swift */ = {isa = PBXFileReference; lastKnownFileType = sourcecode.swift; path = DateHelper.swift; sourceTree = "<group>"; };
		4BE1489B223C45D800A1E60A /* TodoItemsModel.xcdatamodel */ = {isa = PBXFileReference; lastKnownFileType = wrapper.xcdatamodel; path = TodoItemsModel.xcdatamodel; sourceTree = "<group>"; };
		4BE1489E223C58D900A1E60A /* GUIHelper.swift */ = {isa = PBXFileReference; lastKnownFileType = sourcecode.swift; path = GUIHelper.swift; sourceTree = "<group>"; };
		4BE148A1223C5EF900A1E60A /* NotificationCode.swift */ = {isa = PBXFileReference; lastKnownFileType = sourcecode.swift; path = NotificationCode.swift; sourceTree = "<group>"; };
		4BE148A3223C90FF00A1E60A /* UserNotifications.framework */ = {isa = PBXFileReference; lastKnownFileType = wrapper.framework; name = UserNotifications.framework; path = System/Library/Frameworks/UserNotifications.framework; sourceTree = SDKROOT; };
		4BE148A7223C9FE300A1E60A /* Settings.swift */ = {isa = PBXFileReference; lastKnownFileType = sourcecode.swift; path = Settings.swift; sourceTree = "<group>"; };
		4BE148AA223CDAD200A1E60A /* CoreDataStack.swift */ = {isa = PBXFileReference; lastKnownFileType = sourcecode.swift; path = CoreDataStack.swift; sourceTree = "<group>"; };
		4BE148AD223D4AC500A1E60A /* VeryAnnoyingTodoList.entitlements */ = {isa = PBXFileReference; lastKnownFileType = text.plist.entitlements; path = VeryAnnoyingTodoList.entitlements; sourceTree = "<group>"; };
		4BE148AE223D4B0000A1E60A /* VeryAnnoyingTodoListWidget.entitlements */ = {isa = PBXFileReference; lastKnownFileType = text.plist.entitlements; path = VeryAnnoyingTodoListWidget.entitlements; sourceTree = "<group>"; };
		4BE47F6A22721DF40061DE71 /* SubscribableValue.swift */ = {isa = PBXFileReference; fileEncoding = 4; lastKnownFileType = sourcecode.swift; path = SubscribableValue.swift; sourceTree = "<group>"; };
		4BE47F6C22721DF40061DE71 /* Weak.swift */ = {isa = PBXFileReference; fileEncoding = 4; lastKnownFileType = sourcecode.swift; path = Weak.swift; sourceTree = "<group>"; };
		4BE47F7022721E330061DE71 /* Theming.swift */ = {isa = PBXFileReference; fileEncoding = 4; lastKnownFileType = sourcecode.swift; path = Theming.swift; sourceTree = "<group>"; };
		4BE47F7122721E330061DE71 /* AppTheme.swift */ = {isa = PBXFileReference; fileEncoding = 4; lastKnownFileType = sourcecode.swift; path = AppTheme.swift; sourceTree = "<group>"; };
		4BE47F7222721E340061DE71 /* AppThemeProvider.swift */ = {isa = PBXFileReference; fileEncoding = 4; lastKnownFileType = sourcecode.swift; path = AppThemeProvider.swift; sourceTree = "<group>"; };
		4BE47F7622722FDF0061DE71 /* AppTabBarController.swift */ = {isa = PBXFileReference; lastKnownFileType = sourcecode.swift; path = AppTabBarController.swift; sourceTree = "<group>"; };
		4BE47F78227230AF0061DE71 /* AppNavigationController.swift */ = {isa = PBXFileReference; lastKnownFileType = sourcecode.swift; path = AppNavigationController.swift; sourceTree = "<group>"; };
		5606FE4253B1B2F8D0450F0D /* Pods-VeryAnnoyingTodoList.debug.xcconfig */ = {isa = PBXFileReference; includeInIndex = 1; lastKnownFileType = text.xcconfig; name = "Pods-VeryAnnoyingTodoList.debug.xcconfig"; path = "Pods/Target Support Files/Pods-VeryAnnoyingTodoList/Pods-VeryAnnoyingTodoList.debug.xcconfig"; sourceTree = "<group>"; };
		5952125ADF82E958E3C8437F /* Pods-VeryAnnoyingTodoList.release.xcconfig */ = {isa = PBXFileReference; includeInIndex = 1; lastKnownFileType = text.xcconfig; name = "Pods-VeryAnnoyingTodoList.release.xcconfig"; path = "Pods/Target Support Files/Pods-VeryAnnoyingTodoList/Pods-VeryAnnoyingTodoList.release.xcconfig"; sourceTree = "<group>"; };
		D03934AEF39D6693CB82002D /* Pods_VeryAnnoyingTodoListUITests.framework */ = {isa = PBXFileReference; explicitFileType = wrapper.framework; includeInIndex = 0; path = Pods_VeryAnnoyingTodoListUITests.framework; sourceTree = BUILT_PRODUCTS_DIR; };
		D95E7BC2E48DA5C8C6729CA1 /* Pods_VeryAnnoyingTodoList.framework */ = {isa = PBXFileReference; explicitFileType = wrapper.framework; includeInIndex = 0; path = Pods_VeryAnnoyingTodoList.framework; sourceTree = BUILT_PRODUCTS_DIR; };
		DF1E4DB5A2340CA4B5169FED /* Pods-VeryAnnoyingTodoListTests.debug.xcconfig */ = {isa = PBXFileReference; includeInIndex = 1; lastKnownFileType = text.xcconfig; name = "Pods-VeryAnnoyingTodoListTests.debug.xcconfig"; path = "Pods/Target Support Files/Pods-VeryAnnoyingTodoListTests/Pods-VeryAnnoyingTodoListTests.debug.xcconfig"; sourceTree = "<group>"; };
		DFA9EF713DCAE382C35E4540 /* Pods_VeryAnnoyingTodoListTests.framework */ = {isa = PBXFileReference; explicitFileType = wrapper.framework; includeInIndex = 0; path = Pods_VeryAnnoyingTodoListTests.framework; sourceTree = BUILT_PRODUCTS_DIR; };
		E4924CA1D8DB3B327CF374A8 /* Pods-VeryAnnoyingTodoListTests.release.xcconfig */ = {isa = PBXFileReference; includeInIndex = 1; lastKnownFileType = text.xcconfig; name = "Pods-VeryAnnoyingTodoListTests.release.xcconfig"; path = "Pods/Target Support Files/Pods-VeryAnnoyingTodoListTests/Pods-VeryAnnoyingTodoListTests.release.xcconfig"; sourceTree = "<group>"; };
/* End PBXFileReference section */

/* Begin PBXFrameworksBuildPhase section */
		4B0D4C09223ACD580074F50B /* Frameworks */ = {
			isa = PBXFrameworksBuildPhase;
			buildActionMask = 2147483647;
			files = (
				4BE148A6223C914500A1E60A /* NotificationCenter.framework in Frameworks */,
				4BE148A5223C912A00A1E60A /* UserNotifications.framework in Frameworks */,
				665F3ED37AEC45DF802DA900 /* Pods_VeryAnnoyingTodoList.framework in Frameworks */,
			);
			runOnlyForDeploymentPostprocessing = 0;
		};
		4B0D4C1D223ACD5B0074F50B /* Frameworks */ = {
			isa = PBXFrameworksBuildPhase;
			buildActionMask = 2147483647;
			files = (
				353A593905D3B29F1EB4300E /* Pods_VeryAnnoyingTodoListTests.framework in Frameworks */,
			);
			runOnlyForDeploymentPostprocessing = 0;
		};
		4B0D4C28223ACD5B0074F50B /* Frameworks */ = {
			isa = PBXFrameworksBuildPhase;
			buildActionMask = 2147483647;
			files = (
				6DF6837A80AD2AE3638FDCCB /* Pods_VeryAnnoyingTodoListUITests.framework in Frameworks */,
			);
			runOnlyForDeploymentPostprocessing = 0;
		};
		4B0D4C45223B2CA50074F50B /* Frameworks */ = {
			isa = PBXFrameworksBuildPhase;
			buildActionMask = 2147483647;
			files = (
				4BE148A4223C90FF00A1E60A /* UserNotifications.framework in Frameworks */,
				4B0D4C4A223B2CA50074F50B /* NotificationCenter.framework in Frameworks */,
			);
			runOnlyForDeploymentPostprocessing = 0;
		};
/* End PBXFrameworksBuildPhase section */

/* Begin PBXGroup section */
		4B0D4C03223ACD580074F50B = {
			isa = PBXGroup;
			children = (
				4BE1489A223C45D800A1E60A /* TodoItem.xcdatamodeld */,
				4B0D4C0E223ACD580074F50B /* VeryAnnoyingTodoList */,
				4B0D4C23223ACD5B0074F50B /* VeryAnnoyingTodoListTests */,
				4B0D4C2E223ACD5B0074F50B /* VeryAnnoyingTodoListUITests */,
				4B0D4C4B223B2CA50074F50B /* VeryAnnoyingTodoListWidget */,
				4B0D4C0D223ACD580074F50B /* Products */,
				918061453B5771761BF1A513 /* Pods */,
				E2075E364FA100E866794B77 /* Frameworks */,
			);
			sourceTree = "<group>";
		};
		4B0D4C0D223ACD580074F50B /* Products */ = {
			isa = PBXGroup;
			children = (
				4B0D4C0C223ACD580074F50B /* VeryAnnoyingTodoList.app */,
				4B0D4C20223ACD5B0074F50B /* VeryAnnoyingTodoListTests.xctest */,
				4B0D4C2B223ACD5B0074F50B /* VeryAnnoyingTodoListUITests.xctest */,
				4B0D4C48223B2CA50074F50B /* VeryAnnoyingTodoListWidget.appex */,
			);
			name = Products;
			sourceTree = "<group>";
		};
		4B0D4C0E223ACD580074F50B /* VeryAnnoyingTodoList */ = {
			isa = PBXGroup;
			children = (
				4BE47F6722721D870061DE71 /* NightMode */,
				4B8FF922226ED28400B51C12 /* Model */,
				4BE148AD223D4AC500A1E60A /* VeryAnnoyingTodoList.entitlements */,
				4BE148A0223C5EE600A1E60A /* Notification */,
				4BE1489D223C58C200A1E60A /* Helpers */,
				4B0D4C3D223B11A50074F50B /* ViewController */,
				4B0D4C0F223ACD580074F50B /* AppDelegate.swift */,
				4B0D4C13223ACD580074F50B /* Main.storyboard */,
				4B0D4C16223ACD5B0074F50B /* Assets.xcassets */,
				4B0D4C18223ACD5B0074F50B /* LaunchScreen.storyboard */,
				4B0D4C1B223ACD5B0074F50B /* Info.plist */,
				4BE148AA223CDAD200A1E60A /* CoreDataStack.swift */,
			);
			path = VeryAnnoyingTodoList;
			sourceTree = "<group>";
		};
		4B0D4C23223ACD5B0074F50B /* VeryAnnoyingTodoListTests */ = {
			isa = PBXGroup;
			children = (
				4B0D4C24223ACD5B0074F50B /* VeryAnnoyingTodoListTests.swift */,
				4B0D4C26223ACD5B0074F50B /* Info.plist */,
			);
			path = VeryAnnoyingTodoListTests;
			sourceTree = "<group>";
		};
		4B0D4C2E223ACD5B0074F50B /* VeryAnnoyingTodoListUITests */ = {
			isa = PBXGroup;
			children = (
				4B0D4C2F223ACD5B0074F50B /* VeryAnnoyingTodoListUITests.swift */,
				4B0D4C31223ACD5C0074F50B /* Info.plist */,
			);
			path = VeryAnnoyingTodoListUITests;
			sourceTree = "<group>";
		};
		4B0D4C3D223B11A50074F50B /* ViewController */ = {
			isa = PBXGroup;
			children = (
				4B0D4C3E223B13C30074F50B /* TodoListViewController.swift */,
				4B0D4C40223B14080074F50B /* EditPageViewController.swift */,
				4B0D4C42223B144D0074F50B /* SettingsViewController.swift */,
				4B8FF91A226E3C3000B51C12 /* NotificationScheduleViewController.swift */,
				4B8FF91E226E41BB00B51C12 /* AddNotificationViewController.swift */,
				4B8FF920226EBE9000B51C12 /* ScheduleTableViewCell.swift */,
				4BE47F7622722FDF0061DE71 /* AppTabBarController.swift */,
				4BE47F78227230AF0061DE71 /* AppNavigationController.swift */,
			);
			path = ViewController;
			sourceTree = "<group>";
		};
		4B0D4C4B223B2CA50074F50B /* VeryAnnoyingTodoListWidget */ = {
			isa = PBXGroup;
			children = (
				4BE148AE223D4B0000A1E60A /* VeryAnnoyingTodoListWidget.entitlements */,
				4B0D4C4C223B2CA50074F50B /* TodayViewController.swift */,
				4B0D4C4E223B2CA50074F50B /* MainInterface.storyboard */,
				4B0D4C51223B2CA50074F50B /* Info.plist */,
			);
			path = VeryAnnoyingTodoListWidget;
			sourceTree = "<group>";
		};
		4B8FF922226ED28400B51C12 /* Model */ = {
			isa = PBXGroup;
			children = (
				4B8FF923226ED2A800B51C12 /* NotificationSchedule.swift */,
			);
			path = Model;
			sourceTree = "<group>";
		};
		4BE1489D223C58C200A1E60A /* Helpers */ = {
			isa = PBXGroup;
			children = (
				4BE1489E223C58D900A1E60A /* GUIHelper.swift */,
				4BE148A7223C9FE300A1E60A /* Settings.swift */,
				4B8FF927226EE45600B51C12 /* DateHelper.swift */,
			);
			path = Helpers;
			sourceTree = "<group>";
		};
		4BE148A0223C5EE600A1E60A /* Notification */ = {
			isa = PBXGroup;
			children = (
				4BE148A1223C5EF900A1E60A /* NotificationCode.swift */,
				4B8FF925226EE2C200B51C12 /* NotificationController.swift */,
			);
			path = Notification;
			sourceTree = "<group>";
		};
		4BE47F6722721D870061DE71 /* NightMode */ = {
			isa = PBXGroup;
			children = (
				4BE47F6922721DBD0061DE71 /* Helpers */,
				4BE47F6822721D9C0061DE71 /* Theming */,
			);
			path = NightMode;
			sourceTree = "<group>";
		};
		4BE47F6822721D9C0061DE71 /* Theming */ = {
			isa = PBXGroup;
			children = (
				4BE47F7122721E330061DE71 /* AppTheme.swift */,
				4BE47F7222721E340061DE71 /* AppThemeProvider.swift */,
				4BE47F7022721E330061DE71 /* Theming.swift */,
			);
			path = Theming;
			sourceTree = "<group>";
		};
		4BE47F6922721DBD0061DE71 /* Helpers */ = {
			isa = PBXGroup;
			children = (
				4BE47F6A22721DF40061DE71 /* SubscribableValue.swift */,
				4BE47F6C22721DF40061DE71 /* Weak.swift */,
			);
			path = Helpers;
			sourceTree = "<group>";
		};
		918061453B5771761BF1A513 /* Pods */ = {
			isa = PBXGroup;
			children = (
				5606FE4253B1B2F8D0450F0D /* Pods-VeryAnnoyingTodoList.debug.xcconfig */,
				5952125ADF82E958E3C8437F /* Pods-VeryAnnoyingTodoList.release.xcconfig */,
				DF1E4DB5A2340CA4B5169FED /* Pods-VeryAnnoyingTodoListTests.debug.xcconfig */,
				E4924CA1D8DB3B327CF374A8 /* Pods-VeryAnnoyingTodoListTests.release.xcconfig */,
				47E4CA43EB2378AEF5BE9C3C /* Pods-VeryAnnoyingTodoListUITests.debug.xcconfig */,
				2B26D9A6F3F656483785C3E9 /* Pods-VeryAnnoyingTodoListUITests.release.xcconfig */,
			);
			name = Pods;
			sourceTree = "<group>";
		};
		E2075E364FA100E866794B77 /* Frameworks */ = {
			isa = PBXGroup;
			children = (
				4BE148A3223C90FF00A1E60A /* UserNotifications.framework */,
				D95E7BC2E48DA5C8C6729CA1 /* Pods_VeryAnnoyingTodoList.framework */,
				DFA9EF713DCAE382C35E4540 /* Pods_VeryAnnoyingTodoListTests.framework */,
				D03934AEF39D6693CB82002D /* Pods_VeryAnnoyingTodoListUITests.framework */,
				4B0D4C49223B2CA50074F50B /* NotificationCenter.framework */,
			);
			name = Frameworks;
			sourceTree = "<group>";
		};
/* End PBXGroup section */

/* Begin PBXNativeTarget section */
		4B0D4C0B223ACD580074F50B /* VeryAnnoyingTodoList */ = {
			isa = PBXNativeTarget;
			buildConfigurationList = 4B0D4C34223ACD5C0074F50B /* Build configuration list for PBXNativeTarget "VeryAnnoyingTodoList" */;
			buildPhases = (
				E6155808DEB0BAFDC95D8C44 /* [CP] Check Pods Manifest.lock */,
				4B0D4C08223ACD580074F50B /* Sources */,
				4B0D4C09223ACD580074F50B /* Frameworks */,
				4B0D4C0A223ACD580074F50B /* Resources */,
				9B37E65C11B9155F7AC99BE5 /* [CP] Embed Pods Frameworks */,
				4B0D4C58223B2CA50074F50B /* Embed App Extensions */,
			);
			buildRules = (
			);
			dependencies = (
				4B0D4C53223B2CA50074F50B /* PBXTargetDependency */,
			);
			name = VeryAnnoyingTodoList;
			productName = VeryAnnoyingTodoList;
			productReference = 4B0D4C0C223ACD580074F50B /* VeryAnnoyingTodoList.app */;
			productType = "com.apple.product-type.application";
		};
		4B0D4C1F223ACD5B0074F50B /* VeryAnnoyingTodoListTests */ = {
			isa = PBXNativeTarget;
			buildConfigurationList = 4B0D4C37223ACD5C0074F50B /* Build configuration list for PBXNativeTarget "VeryAnnoyingTodoListTests" */;
			buildPhases = (
				D9BE57AAC9CBEC1857720674 /* [CP] Check Pods Manifest.lock */,
				4B0D4C1C223ACD5B0074F50B /* Sources */,
				4B0D4C1D223ACD5B0074F50B /* Frameworks */,
				4B0D4C1E223ACD5B0074F50B /* Resources */,
			);
			buildRules = (
			);
			dependencies = (
				4B0D4C22223ACD5B0074F50B /* PBXTargetDependency */,
			);
			name = VeryAnnoyingTodoListTests;
			productName = VeryAnnoyingTodoListTests;
			productReference = 4B0D4C20223ACD5B0074F50B /* VeryAnnoyingTodoListTests.xctest */;
			productType = "com.apple.product-type.bundle.unit-test";
		};
		4B0D4C2A223ACD5B0074F50B /* VeryAnnoyingTodoListUITests */ = {
			isa = PBXNativeTarget;
			buildConfigurationList = 4B0D4C3A223ACD5C0074F50B /* Build configuration list for PBXNativeTarget "VeryAnnoyingTodoListUITests" */;
			buildPhases = (
				09E00DFBBF5B584B173D5B06 /* [CP] Check Pods Manifest.lock */,
				4B0D4C27223ACD5B0074F50B /* Sources */,
				4B0D4C28223ACD5B0074F50B /* Frameworks */,
				4B0D4C29223ACD5B0074F50B /* Resources */,
			);
			buildRules = (
			);
			dependencies = (
				4B0D4C2D223ACD5B0074F50B /* PBXTargetDependency */,
			);
			name = VeryAnnoyingTodoListUITests;
			productName = VeryAnnoyingTodoListUITests;
			productReference = 4B0D4C2B223ACD5B0074F50B /* VeryAnnoyingTodoListUITests.xctest */;
			productType = "com.apple.product-type.bundle.ui-testing";
		};
		4B0D4C47223B2CA50074F50B /* VeryAnnoyingTodoListWidget */ = {
			isa = PBXNativeTarget;
			buildConfigurationList = 4B0D4C55223B2CA50074F50B /* Build configuration list for PBXNativeTarget "VeryAnnoyingTodoListWidget" */;
			buildPhases = (
				4B0D4C44223B2CA50074F50B /* Sources */,
				4B0D4C45223B2CA50074F50B /* Frameworks */,
				4B0D4C46223B2CA50074F50B /* Resources */,
			);
			buildRules = (
			);
			dependencies = (
			);
			name = VeryAnnoyingTodoListWidget;
			productName = VeryAnnoyingTodoListWidget;
			productReference = 4B0D4C48223B2CA50074F50B /* VeryAnnoyingTodoListWidget.appex */;
			productType = "com.apple.product-type.app-extension";
		};
/* End PBXNativeTarget section */

/* Begin PBXProject section */
		4B0D4C04223ACD580074F50B /* Project object */ = {
			isa = PBXProject;
			attributes = {
				LastSwiftUpdateCheck = 1010;
				LastUpgradeCheck = 1010;
				ORGANIZATIONNAME = "Kent Li";
				TargetAttributes = {
					4B0D4C0B223ACD580074F50B = {
						CreatedOnToolsVersion = 10.1;
						SystemCapabilities = {
							com.apple.ApplicationGroups.iOS = {
								enabled = 1;
							};
						};
					};
					4B0D4C1F223ACD5B0074F50B = {
						CreatedOnToolsVersion = 10.1;
						TestTargetID = 4B0D4C0B223ACD580074F50B;
					};
					4B0D4C2A223ACD5B0074F50B = {
						CreatedOnToolsVersion = 10.1;
						TestTargetID = 4B0D4C0B223ACD580074F50B;
					};
					4B0D4C47223B2CA50074F50B = {
						CreatedOnToolsVersion = 10.1;
						SystemCapabilities = {
							com.apple.ApplicationGroups.iOS = {
								enabled = 1;
							};
						};
					};
				};
			};
			buildConfigurationList = 4B0D4C07223ACD580074F50B /* Build configuration list for PBXProject "VeryAnnoyingTodoList" */;
			compatibilityVersion = "Xcode 9.3";
			developmentRegion = en;
			hasScannedForEncodings = 0;
			knownRegions = (
				en,
				Base,
			);
			mainGroup = 4B0D4C03223ACD580074F50B;
			productRefGroup = 4B0D4C0D223ACD580074F50B /* Products */;
			projectDirPath = "";
			projectRoot = "";
			targets = (
				4B0D4C0B223ACD580074F50B /* VeryAnnoyingTodoList */,
				4B0D4C1F223ACD5B0074F50B /* VeryAnnoyingTodoListTests */,
				4B0D4C2A223ACD5B0074F50B /* VeryAnnoyingTodoListUITests */,
				4B0D4C47223B2CA50074F50B /* VeryAnnoyingTodoListWidget */,
			);
		};
/* End PBXProject section */

/* Begin PBXResourcesBuildPhase section */
		4B0D4C0A223ACD580074F50B /* Resources */ = {
			isa = PBXResourcesBuildPhase;
			buildActionMask = 2147483647;
			files = (
				4B0D4C1A223ACD5B0074F50B /* LaunchScreen.storyboard in Resources */,
				4B0D4C17223ACD5B0074F50B /* Assets.xcassets in Resources */,
				4B0D4C15223ACD580074F50B /* Main.storyboard in Resources */,
			);
			runOnlyForDeploymentPostprocessing = 0;
		};
		4B0D4C1E223ACD5B0074F50B /* Resources */ = {
			isa = PBXResourcesBuildPhase;
			buildActionMask = 2147483647;
			files = (
			);
			runOnlyForDeploymentPostprocessing = 0;
		};
		4B0D4C29223ACD5B0074F50B /* Resources */ = {
			isa = PBXResourcesBuildPhase;
			buildActionMask = 2147483647;
			files = (
			);
			runOnlyForDeploymentPostprocessing = 0;
		};
		4B0D4C46223B2CA50074F50B /* Resources */ = {
			isa = PBXResourcesBuildPhase;
			buildActionMask = 2147483647;
			files = (
				4B0D4C50223B2CA50074F50B /* MainInterface.storyboard in Resources */,
			);
			runOnlyForDeploymentPostprocessing = 0;
		};
/* End PBXResourcesBuildPhase section */

/* Begin PBXShellScriptBuildPhase section */
		09E00DFBBF5B584B173D5B06 /* [CP] Check Pods Manifest.lock */ = {
			isa = PBXShellScriptBuildPhase;
			buildActionMask = 2147483647;
			files = (
			);
			inputFileListPaths = (
			);
			inputPaths = (
				"${PODS_PODFILE_DIR_PATH}/Podfile.lock",
				"${PODS_ROOT}/Manifest.lock",
			);
			name = "[CP] Check Pods Manifest.lock";
			outputFileListPaths = (
			);
			outputPaths = (
				"$(DERIVED_FILE_DIR)/Pods-VeryAnnoyingTodoListUITests-checkManifestLockResult.txt",
			);
			runOnlyForDeploymentPostprocessing = 0;
			shellPath = /bin/sh;
			shellScript = "diff \"${PODS_PODFILE_DIR_PATH}/Podfile.lock\" \"${PODS_ROOT}/Manifest.lock\" > /dev/null\nif [ $? != 0 ] ; then\n    # print error to STDERR\n    echo \"error: The sandbox is not in sync with the Podfile.lock. Run 'pod install' or update your CocoaPods installation.\" >&2\n    exit 1\nfi\n# This output is used by Xcode 'outputs' to avoid re-running this script phase.\necho \"SUCCESS\" > \"${SCRIPT_OUTPUT_FILE_0}\"\n";
			showEnvVarsInLog = 0;
		};
		9B37E65C11B9155F7AC99BE5 /* [CP] Embed Pods Frameworks */ = {
			isa = PBXShellScriptBuildPhase;
			buildActionMask = 2147483647;
			files = (
			);
			inputFileListPaths = (
			);
			inputPaths = (
				"${SRCROOT}/Pods/Target Support Files/Pods-VeryAnnoyingTodoList/Pods-VeryAnnoyingTodoList-frameworks.sh",
				"${BUILT_PRODUCTS_DIR}/Floaty/Floaty.framework",
			);
			name = "[CP] Embed Pods Frameworks";
			outputFileListPaths = (
			);
			outputPaths = (
				"${TARGET_BUILD_DIR}/${FRAMEWORKS_FOLDER_PATH}/Floaty.framework",
			);
			runOnlyForDeploymentPostprocessing = 0;
			shellPath = /bin/sh;
			shellScript = "\"${SRCROOT}/Pods/Target Support Files/Pods-VeryAnnoyingTodoList/Pods-VeryAnnoyingTodoList-frameworks.sh\"\n";
			showEnvVarsInLog = 0;
		};
		D9BE57AAC9CBEC1857720674 /* [CP] Check Pods Manifest.lock */ = {
			isa = PBXShellScriptBuildPhase;
			buildActionMask = 2147483647;
			files = (
			);
			inputFileListPaths = (
			);
			inputPaths = (
				"${PODS_PODFILE_DIR_PATH}/Podfile.lock",
				"${PODS_ROOT}/Manifest.lock",
			);
			name = "[CP] Check Pods Manifest.lock";
			outputFileListPaths = (
			);
			outputPaths = (
				"$(DERIVED_FILE_DIR)/Pods-VeryAnnoyingTodoListTests-checkManifestLockResult.txt",
			);
			runOnlyForDeploymentPostprocessing = 0;
			shellPath = /bin/sh;
			shellScript = "diff \"${PODS_PODFILE_DIR_PATH}/Podfile.lock\" \"${PODS_ROOT}/Manifest.lock\" > /dev/null\nif [ $? != 0 ] ; then\n    # print error to STDERR\n    echo \"error: The sandbox is not in sync with the Podfile.lock. Run 'pod install' or update your CocoaPods installation.\" >&2\n    exit 1\nfi\n# This output is used by Xcode 'outputs' to avoid re-running this script phase.\necho \"SUCCESS\" > \"${SCRIPT_OUTPUT_FILE_0}\"\n";
			showEnvVarsInLog = 0;
		};
		E6155808DEB0BAFDC95D8C44 /* [CP] Check Pods Manifest.lock */ = {
			isa = PBXShellScriptBuildPhase;
			buildActionMask = 2147483647;
			files = (
			);
			inputFileListPaths = (
			);
			inputPaths = (
				"${PODS_PODFILE_DIR_PATH}/Podfile.lock",
				"${PODS_ROOT}/Manifest.lock",
			);
			name = "[CP] Check Pods Manifest.lock";
			outputFileListPaths = (
			);
			outputPaths = (
				"$(DERIVED_FILE_DIR)/Pods-VeryAnnoyingTodoList-checkManifestLockResult.txt",
			);
			runOnlyForDeploymentPostprocessing = 0;
			shellPath = /bin/sh;
			shellScript = "diff \"${PODS_PODFILE_DIR_PATH}/Podfile.lock\" \"${PODS_ROOT}/Manifest.lock\" > /dev/null\nif [ $? != 0 ] ; then\n    # print error to STDERR\n    echo \"error: The sandbox is not in sync with the Podfile.lock. Run 'pod install' or update your CocoaPods installation.\" >&2\n    exit 1\nfi\n# This output is used by Xcode 'outputs' to avoid re-running this script phase.\necho \"SUCCESS\" > \"${SCRIPT_OUTPUT_FILE_0}\"\n";
			showEnvVarsInLog = 0;
		};
/* End PBXShellScriptBuildPhase section */

/* Begin PBXSourcesBuildPhase section */
		4B0D4C08223ACD580074F50B /* Sources */ = {
			isa = PBXSourcesBuildPhase;
			buildActionMask = 2147483647;
			files = (
				4BE47F7522721E340061DE71 /* AppThemeProvider.swift in Sources */,
				4BE47F7722722FDF0061DE71 /* AppTabBarController.swift in Sources */,
				4BE47F7322721E340061DE71 /* Theming.swift in Sources */,
				4BE47F6D22721DF40061DE71 /* SubscribableValue.swift in Sources */,
				4B8FF928226EE45600B51C12 /* DateHelper.swift in Sources */,
				4B0D4C41223B14080074F50B /* EditPageViewController.swift in Sources */,
				4B0D4C3F223B13C30074F50B /* TodoListViewController.swift in Sources */,
				4BE47F79227230AF0061DE71 /* AppNavigationController.swift in Sources */,
				4B8FF921226EBE9000B51C12 /* ScheduleTableViewCell.swift in Sources */,
				4BE47F6F22721DF40061DE71 /* Weak.swift in Sources */,
				4BE148A8223C9FE300A1E60A /* Settings.swift in Sources */,
				4BE148AB223CDAD200A1E60A /* CoreDataStack.swift in Sources */,
				4BE47F7422721E340061DE71 /* AppTheme.swift in Sources */,
				4BE1489C223C45D800A1E60A /* TodoItem.xcdatamodeld in Sources */,
				4BE1489F223C58D900A1E60A /* GUIHelper.swift in Sources */,
				4BE148A2223C5EF900A1E60A /* NotificationCode.swift in Sources */,
				4B0D4C10223ACD580074F50B /* AppDelegate.swift in Sources */,
				4B8FF91B226E3C3000B51C12 /* NotificationScheduleViewController.swift in Sources */,
				4B8FF926226EE2C200B51C12 /* NotificationController.swift in Sources */,
				4B0D4C43223B144D0074F50B /* SettingsViewController.swift in Sources */,
				4B8FF924226ED2A800B51C12 /* NotificationSchedule.swift in Sources */,
				4B8FF91F226E41BB00B51C12 /* AddNotificationViewController.swift in Sources */,
			);
			runOnlyForDeploymentPostprocessing = 0;
		};
		4B0D4C1C223ACD5B0074F50B /* Sources */ = {
			isa = PBXSourcesBuildPhase;
			buildActionMask = 2147483647;
			files = (
				4B0D4C25223ACD5B0074F50B /* VeryAnnoyingTodoListTests.swift in Sources */,
			);
			runOnlyForDeploymentPostprocessing = 0;
		};
		4B0D4C27223ACD5B0074F50B /* Sources */ = {
			isa = PBXSourcesBuildPhase;
			buildActionMask = 2147483647;
			files = (
				4B0D4C30223ACD5B0074F50B /* VeryAnnoyingTodoListUITests.swift in Sources */,
			);
			runOnlyForDeploymentPostprocessing = 0;
		};
		4B0D4C44223B2CA50074F50B /* Sources */ = {
			isa = PBXSourcesBuildPhase;
			buildActionMask = 2147483647;
			files = (
				4BE148AC223CDAD200A1E60A /* CoreDataStack.swift in Sources */,
				4BE148A9223CBBEA00A1E60A /* TodoItem.xcdatamodeld in Sources */,
				4B0D4C4D223B2CA50074F50B /* TodayViewController.swift in Sources */,
			);
			runOnlyForDeploymentPostprocessing = 0;
		};
/* End PBXSourcesBuildPhase section */

/* Begin PBXTargetDependency section */
		4B0D4C22223ACD5B0074F50B /* PBXTargetDependency */ = {
			isa = PBXTargetDependency;
			target = 4B0D4C0B223ACD580074F50B /* VeryAnnoyingTodoList */;
			targetProxy = 4B0D4C21223ACD5B0074F50B /* PBXContainerItemProxy */;
		};
		4B0D4C2D223ACD5B0074F50B /* PBXTargetDependency */ = {
			isa = PBXTargetDependency;
			target = 4B0D4C0B223ACD580074F50B /* VeryAnnoyingTodoList */;
			targetProxy = 4B0D4C2C223ACD5B0074F50B /* PBXContainerItemProxy */;
		};
		4B0D4C53223B2CA50074F50B /* PBXTargetDependency */ = {
			isa = PBXTargetDependency;
			target = 4B0D4C47223B2CA50074F50B /* VeryAnnoyingTodoListWidget */;
			targetProxy = 4B0D4C52223B2CA50074F50B /* PBXContainerItemProxy */;
		};
/* End PBXTargetDependency section */

/* Begin PBXVariantGroup section */
		4B0D4C13223ACD580074F50B /* Main.storyboard */ = {
			isa = PBXVariantGroup;
			children = (
				4B0D4C14223ACD580074F50B /* Base */,
			);
			name = Main.storyboard;
			sourceTree = "<group>";
		};
		4B0D4C18223ACD5B0074F50B /* LaunchScreen.storyboard */ = {
			isa = PBXVariantGroup;
			children = (
				4B0D4C19223ACD5B0074F50B /* Base */,
			);
			name = LaunchScreen.storyboard;
			sourceTree = "<group>";
		};
		4B0D4C4E223B2CA50074F50B /* MainInterface.storyboard */ = {
			isa = PBXVariantGroup;
			children = (
				4B0D4C4F223B2CA50074F50B /* Base */,
			);
			name = MainInterface.storyboard;
			sourceTree = "<group>";
		};
/* End PBXVariantGroup section */

/* Begin XCBuildConfiguration section */
		4B0D4C32223ACD5C0074F50B /* Debug */ = {
			isa = XCBuildConfiguration;
			buildSettings = {
				ALWAYS_SEARCH_USER_PATHS = NO;
				CLANG_ANALYZER_NONNULL = YES;
				CLANG_ANALYZER_NUMBER_OBJECT_CONVERSION = YES_AGGRESSIVE;
				CLANG_CXX_LANGUAGE_STANDARD = "gnu++14";
				CLANG_CXX_LIBRARY = "libc++";
				CLANG_ENABLE_MODULES = YES;
				CLANG_ENABLE_OBJC_ARC = YES;
				CLANG_ENABLE_OBJC_WEAK = YES;
				CLANG_WARN_BLOCK_CAPTURE_AUTORELEASING = YES;
				CLANG_WARN_BOOL_CONVERSION = YES;
				CLANG_WARN_COMMA = YES;
				CLANG_WARN_CONSTANT_CONVERSION = YES;
				CLANG_WARN_DEPRECATED_OBJC_IMPLEMENTATIONS = YES;
				CLANG_WARN_DIRECT_OBJC_ISA_USAGE = YES_ERROR;
				CLANG_WARN_DOCUMENTATION_COMMENTS = YES;
				CLANG_WARN_EMPTY_BODY = YES;
				CLANG_WARN_ENUM_CONVERSION = YES;
				CLANG_WARN_INFINITE_RECURSION = YES;
				CLANG_WARN_INT_CONVERSION = YES;
				CLANG_WARN_NON_LITERAL_NULL_CONVERSION = YES;
				CLANG_WARN_OBJC_IMPLICIT_RETAIN_SELF = YES;
				CLANG_WARN_OBJC_LITERAL_CONVERSION = YES;
				CLANG_WARN_OBJC_ROOT_CLASS = YES_ERROR;
				CLANG_WARN_RANGE_LOOP_ANALYSIS = YES;
				CLANG_WARN_STRICT_PROTOTYPES = YES;
				CLANG_WARN_SUSPICIOUS_MOVE = YES;
				CLANG_WARN_UNGUARDED_AVAILABILITY = YES_AGGRESSIVE;
				CLANG_WARN_UNREACHABLE_CODE = YES;
				CLANG_WARN__DUPLICATE_METHOD_MATCH = YES;
				CODE_SIGN_IDENTITY = "iPhone Developer";
				COPY_PHASE_STRIP = NO;
				DEBUG_INFORMATION_FORMAT = dwarf;
				ENABLE_STRICT_OBJC_MSGSEND = YES;
				ENABLE_TESTABILITY = YES;
				GCC_C_LANGUAGE_STANDARD = gnu11;
				GCC_DYNAMIC_NO_PIC = NO;
				GCC_NO_COMMON_BLOCKS = YES;
				GCC_OPTIMIZATION_LEVEL = 0;
				GCC_PREPROCESSOR_DEFINITIONS = (
					"DEBUG=1",
					"$(inherited)",
				);
				GCC_WARN_64_TO_32_BIT_CONVERSION = YES;
				GCC_WARN_ABOUT_RETURN_TYPE = YES_ERROR;
				GCC_WARN_UNDECLARED_SELECTOR = YES;
				GCC_WARN_UNINITIALIZED_AUTOS = YES_AGGRESSIVE;
				GCC_WARN_UNUSED_FUNCTION = YES;
				GCC_WARN_UNUSED_VARIABLE = YES;
				IPHONEOS_DEPLOYMENT_TARGET = 12.1;
				MTL_ENABLE_DEBUG_INFO = INCLUDE_SOURCE;
				MTL_FAST_MATH = YES;
				ONLY_ACTIVE_ARCH = YES;
				SDKROOT = iphoneos;
				SWIFT_ACTIVE_COMPILATION_CONDITIONS = DEBUG;
				SWIFT_OPTIMIZATION_LEVEL = "-Onone";
			};
			name = Debug;
		};
		4B0D4C33223ACD5C0074F50B /* Release */ = {
			isa = XCBuildConfiguration;
			buildSettings = {
				ALWAYS_SEARCH_USER_PATHS = NO;
				CLANG_ANALYZER_NONNULL = YES;
				CLANG_ANALYZER_NUMBER_OBJECT_CONVERSION = YES_AGGRESSIVE;
				CLANG_CXX_LANGUAGE_STANDARD = "gnu++14";
				CLANG_CXX_LIBRARY = "libc++";
				CLANG_ENABLE_MODULES = YES;
				CLANG_ENABLE_OBJC_ARC = YES;
				CLANG_ENABLE_OBJC_WEAK = YES;
				CLANG_WARN_BLOCK_CAPTURE_AUTORELEASING = YES;
				CLANG_WARN_BOOL_CONVERSION = YES;
				CLANG_WARN_COMMA = YES;
				CLANG_WARN_CONSTANT_CONVERSION = YES;
				CLANG_WARN_DEPRECATED_OBJC_IMPLEMENTATIONS = YES;
				CLANG_WARN_DIRECT_OBJC_ISA_USAGE = YES_ERROR;
				CLANG_WARN_DOCUMENTATION_COMMENTS = YES;
				CLANG_WARN_EMPTY_BODY = YES;
				CLANG_WARN_ENUM_CONVERSION = YES;
				CLANG_WARN_INFINITE_RECURSION = YES;
				CLANG_WARN_INT_CONVERSION = YES;
				CLANG_WARN_NON_LITERAL_NULL_CONVERSION = YES;
				CLANG_WARN_OBJC_IMPLICIT_RETAIN_SELF = YES;
				CLANG_WARN_OBJC_LITERAL_CONVERSION = YES;
				CLANG_WARN_OBJC_ROOT_CLASS = YES_ERROR;
				CLANG_WARN_RANGE_LOOP_ANALYSIS = YES;
				CLANG_WARN_STRICT_PROTOTYPES = YES;
				CLANG_WARN_SUSPICIOUS_MOVE = YES;
				CLANG_WARN_UNGUARDED_AVAILABILITY = YES_AGGRESSIVE;
				CLANG_WARN_UNREACHABLE_CODE = YES;
				CLANG_WARN__DUPLICATE_METHOD_MATCH = YES;
				CODE_SIGN_IDENTITY = "iPhone Developer";
				COPY_PHASE_STRIP = NO;
				DEBUG_INFORMATION_FORMAT = "dwarf-with-dsym";
				ENABLE_NS_ASSERTIONS = NO;
				ENABLE_STRICT_OBJC_MSGSEND = YES;
				GCC_C_LANGUAGE_STANDARD = gnu11;
				GCC_NO_COMMON_BLOCKS = YES;
				GCC_WARN_64_TO_32_BIT_CONVERSION = YES;
				GCC_WARN_ABOUT_RETURN_TYPE = YES_ERROR;
				GCC_WARN_UNDECLARED_SELECTOR = YES;
				GCC_WARN_UNINITIALIZED_AUTOS = YES_AGGRESSIVE;
				GCC_WARN_UNUSED_FUNCTION = YES;
				GCC_WARN_UNUSED_VARIABLE = YES;
				IPHONEOS_DEPLOYMENT_TARGET = 12.1;
				MTL_ENABLE_DEBUG_INFO = NO;
				MTL_FAST_MATH = YES;
				SDKROOT = iphoneos;
				SWIFT_COMPILATION_MODE = wholemodule;
				SWIFT_OPTIMIZATION_LEVEL = "-O";
				VALIDATE_PRODUCT = YES;
			};
			name = Release;
		};
		4B0D4C35223ACD5C0074F50B /* Debug */ = {
			isa = XCBuildConfiguration;
			baseConfigurationReference = 5606FE4253B1B2F8D0450F0D /* Pods-VeryAnnoyingTodoList.debug.xcconfig */;
			buildSettings = {
				ALWAYS_EMBED_SWIFT_STANDARD_LIBRARIES = YES;
				ASSETCATALOG_COMPILER_APPICON_NAME = AppIcon;
				CODE_SIGN_ENTITLEMENTS = VeryAnnoyingTodoList/VeryAnnoyingTodoList.entitlements;
				CODE_SIGN_STYLE = Automatic;
				DEVELOPMENT_TEAM = NF86776D59;
				INFOPLIST_FILE = VeryAnnoyingTodoList/Info.plist;
				LD_RUNPATH_SEARCH_PATHS = (
					"$(inherited)",
					"@executable_path/Frameworks",
				);
				PRODUCT_BUNDLE_IDENTIFIER = kentli.com.VeryAnnoyingTodoList;
				PRODUCT_NAME = "$(TARGET_NAME)";
				SWIFT_VERSION = 4.2;
				TARGETED_DEVICE_FAMILY = "1,2";
			};
			name = Debug;
		};
		4B0D4C36223ACD5C0074F50B /* Release */ = {
			isa = XCBuildConfiguration;
			baseConfigurationReference = 5952125ADF82E958E3C8437F /* Pods-VeryAnnoyingTodoList.release.xcconfig */;
			buildSettings = {
				ALWAYS_EMBED_SWIFT_STANDARD_LIBRARIES = YES;
				ASSETCATALOG_COMPILER_APPICON_NAME = AppIcon;
				CODE_SIGN_ENTITLEMENTS = VeryAnnoyingTodoList/VeryAnnoyingTodoList.entitlements;
				CODE_SIGN_STYLE = Automatic;
				DEVELOPMENT_TEAM = NF86776D59;
				INFOPLIST_FILE = VeryAnnoyingTodoList/Info.plist;
				LD_RUNPATH_SEARCH_PATHS = (
					"$(inherited)",
					"@executable_path/Frameworks",
				);
				PRODUCT_BUNDLE_IDENTIFIER = kentli.com.VeryAnnoyingTodoList;
				PRODUCT_NAME = "$(TARGET_NAME)";
				SWIFT_VERSION = 4.2;
				TARGETED_DEVICE_FAMILY = "1,2";
			};
			name = Release;
		};
		4B0D4C38223ACD5C0074F50B /* Debug */ = {
			isa = XCBuildConfiguration;
			baseConfigurationReference = DF1E4DB5A2340CA4B5169FED /* Pods-VeryAnnoyingTodoListTests.debug.xcconfig */;
			buildSettings = {
				ALWAYS_EMBED_SWIFT_STANDARD_LIBRARIES = YES;
				BUNDLE_LOADER = "$(TEST_HOST)";
				CODE_SIGN_STYLE = Automatic;
				DEVELOPMENT_TEAM = NF86776D59;
				INFOPLIST_FILE = VeryAnnoyingTodoListTests/Info.plist;
				LD_RUNPATH_SEARCH_PATHS = (
					"$(inherited)",
					"@executable_path/Frameworks",
					"@loader_path/Frameworks",
				);
				PRODUCT_BUNDLE_IDENTIFIER = kentli.com.VeryAnnoyingTodoListTests;
				PRODUCT_NAME = "$(TARGET_NAME)";
				SWIFT_VERSION = 4.2;
				TARGETED_DEVICE_FAMILY = "1,2";
				TEST_HOST = "$(BUILT_PRODUCTS_DIR)/VeryAnnoyingTodoList.app/VeryAnnoyingTodoList";
			};
			name = Debug;
		};
		4B0D4C39223ACD5C0074F50B /* Release */ = {
			isa = XCBuildConfiguration;
			baseConfigurationReference = E4924CA1D8DB3B327CF374A8 /* Pods-VeryAnnoyingTodoListTests.release.xcconfig */;
			buildSettings = {
				ALWAYS_EMBED_SWIFT_STANDARD_LIBRARIES = YES;
				BUNDLE_LOADER = "$(TEST_HOST)";
				CODE_SIGN_STYLE = Automatic;
				DEVELOPMENT_TEAM = NF86776D59;
				INFOPLIST_FILE = VeryAnnoyingTodoListTests/Info.plist;
				LD_RUNPATH_SEARCH_PATHS = (
					"$(inherited)",
					"@executable_path/Frameworks",
					"@loader_path/Frameworks",
				);
				PRODUCT_BUNDLE_IDENTIFIER = kentli.com.VeryAnnoyingTodoListTests;
				PRODUCT_NAME = "$(TARGET_NAME)";
				SWIFT_VERSION = 4.2;
				TARGETED_DEVICE_FAMILY = "1,2";
				TEST_HOST = "$(BUILT_PRODUCTS_DIR)/VeryAnnoyingTodoList.app/VeryAnnoyingTodoList";
			};
			name = Release;
		};
		4B0D4C3B223ACD5C0074F50B /* Debug */ = {
			isa = XCBuildConfiguration;
			baseConfigurationReference = 47E4CA43EB2378AEF5BE9C3C /* Pods-VeryAnnoyingTodoListUITests.debug.xcconfig */;
			buildSettings = {
				ALWAYS_EMBED_SWIFT_STANDARD_LIBRARIES = YES;
				CODE_SIGN_STYLE = Automatic;
				DEVELOPMENT_TEAM = NF86776D59;
				INFOPLIST_FILE = VeryAnnoyingTodoListUITests/Info.plist;
				LD_RUNPATH_SEARCH_PATHS = (
					"$(inherited)",
					"@executable_path/Frameworks",
					"@loader_path/Frameworks",
				);
				PRODUCT_BUNDLE_IDENTIFIER = kentli.com.VeryAnnoyingTodoListUITests;
				PRODUCT_NAME = "$(TARGET_NAME)";
				SWIFT_VERSION = 4.2;
				TARGETED_DEVICE_FAMILY = "1,2";
				TEST_TARGET_NAME = VeryAnnoyingTodoList;
			};
			name = Debug;
		};
		4B0D4C3C223ACD5C0074F50B /* Release */ = {
			isa = XCBuildConfiguration;
			baseConfigurationReference = 2B26D9A6F3F656483785C3E9 /* Pods-VeryAnnoyingTodoListUITests.release.xcconfig */;
			buildSettings = {
				ALWAYS_EMBED_SWIFT_STANDARD_LIBRARIES = YES;
				CODE_SIGN_STYLE = Automatic;
				DEVELOPMENT_TEAM = NF86776D59;
				INFOPLIST_FILE = VeryAnnoyingTodoListUITests/Info.plist;
				LD_RUNPATH_SEARCH_PATHS = (
					"$(inherited)",
					"@executable_path/Frameworks",
					"@loader_path/Frameworks",
				);
				PRODUCT_BUNDLE_IDENTIFIER = kentli.com.VeryAnnoyingTodoListUITests;
				PRODUCT_NAME = "$(TARGET_NAME)";
				SWIFT_VERSION = 4.2;
				TARGETED_DEVICE_FAMILY = "1,2";
				TEST_TARGET_NAME = VeryAnnoyingTodoList;
			};
			name = Release;
		};
		4B0D4C56223B2CA50074F50B /* Debug */ = {
			isa = XCBuildConfiguration;
			buildSettings = {
				CODE_SIGN_ENTITLEMENTS = VeryAnnoyingTodoListWidget/VeryAnnoyingTodoListWidget.entitlements;
				CODE_SIGN_STYLE = Automatic;
				DEVELOPMENT_TEAM = NF86776D59;
				INFOPLIST_FILE = VeryAnnoyingTodoListWidget/Info.plist;
				LD_RUNPATH_SEARCH_PATHS = (
					"$(inherited)",
					"@executable_path/Frameworks",
					"@executable_path/../../Frameworks",
				);
				PRODUCT_BUNDLE_IDENTIFIER = kentli.com.VeryAnnoyingTodoList.VeryAnnoyingTodoListWidget;
				PRODUCT_NAME = "$(TARGET_NAME)";
				SKIP_INSTALL = YES;
				SWIFT_VERSION = 4.2;
				TARGETED_DEVICE_FAMILY = "1,2";
			};
			name = Debug;
		};
		4B0D4C57223B2CA50074F50B /* Release */ = {
			isa = XCBuildConfiguration;
			buildSettings = {
				CODE_SIGN_ENTITLEMENTS = VeryAnnoyingTodoListWidget/VeryAnnoyingTodoListWidget.entitlements;
				CODE_SIGN_STYLE = Automatic;
				DEVELOPMENT_TEAM = NF86776D59;
				INFOPLIST_FILE = VeryAnnoyingTodoListWidget/Info.plist;
				LD_RUNPATH_SEARCH_PATHS = (
					"$(inherited)",
					"@executable_path/Frameworks",
					"@executable_path/../../Frameworks",
				);
				PRODUCT_BUNDLE_IDENTIFIER = kentli.com.VeryAnnoyingTodoList.VeryAnnoyingTodoListWidget;
				PRODUCT_NAME = "$(TARGET_NAME)";
				SKIP_INSTALL = YES;
				SWIFT_VERSION = 4.2;
				TARGETED_DEVICE_FAMILY = "1,2";
			};
			name = Release;
		};
/* End XCBuildConfiguration section */

/* Begin XCConfigurationList section */
		4B0D4C07223ACD580074F50B /* Build configuration list for PBXProject "VeryAnnoyingTodoList" */ = {
			isa = XCConfigurationList;
			buildConfigurations = (
				4B0D4C32223ACD5C0074F50B /* Debug */,
				4B0D4C33223ACD5C0074F50B /* Release */,
			);
			defaultConfigurationIsVisible = 0;
			defaultConfigurationName = Release;
		};
		4B0D4C34223ACD5C0074F50B /* Build configuration list for PBXNativeTarget "VeryAnnoyingTodoList" */ = {
			isa = XCConfigurationList;
			buildConfigurations = (
				4B0D4C35223ACD5C0074F50B /* Debug */,
				4B0D4C36223ACD5C0074F50B /* Release */,
			);
			defaultConfigurationIsVisible = 0;
			defaultConfigurationName = Release;
		};
		4B0D4C37223ACD5C0074F50B /* Build configuration list for PBXNativeTarget "VeryAnnoyingTodoListTests" */ = {
			isa = XCConfigurationList;
			buildConfigurations = (
				4B0D4C38223ACD5C0074F50B /* Debug */,
				4B0D4C39223ACD5C0074F50B /* Release */,
			);
			defaultConfigurationIsVisible = 0;
			defaultConfigurationName = Release;
		};
		4B0D4C3A223ACD5C0074F50B /* Build configuration list for PBXNativeTarget "VeryAnnoyingTodoListUITests" */ = {
			isa = XCConfigurationList;
			buildConfigurations = (
				4B0D4C3B223ACD5C0074F50B /* Debug */,
				4B0D4C3C223ACD5C0074F50B /* Release */,
			);
			defaultConfigurationIsVisible = 0;
			defaultConfigurationName = Release;
		};
		4B0D4C55223B2CA50074F50B /* Build configuration list for PBXNativeTarget "VeryAnnoyingTodoListWidget" */ = {
			isa = XCConfigurationList;
			buildConfigurations = (
				4B0D4C56223B2CA50074F50B /* Debug */,
				4B0D4C57223B2CA50074F50B /* Release */,
			);
			defaultConfigurationIsVisible = 0;
			defaultConfigurationName = Release;
		};
/* End XCConfigurationList section */

/* Begin XCVersionGroup section */
		4BE1489A223C45D800A1E60A /* TodoItem.xcdatamodeld */ = {
			isa = XCVersionGroup;
			children = (
				4BE1489B223C45D800A1E60A /* TodoItemsModel.xcdatamodel */,
			);
			currentVersion = 4BE1489B223C45D800A1E60A /* TodoItemsModel.xcdatamodel */;
			path = TodoItem.xcdatamodeld;
			sourceTree = "<group>";
			versionGroupType = wrapper.xcdatamodel;
		};
/* End XCVersionGroup section */
	};
	rootObject = 4B0D4C04223ACD580074F50B /* Project object */;
}
